{
  "upstream": "github:davidvornholt/standards",
  "sha": "4c19b023396953d0fcbf5730446c8b95bd64e893",
  "files": {
    ".agents/skills/database/agents/openai.yaml": "4c9f47df24219d5b195c88eef374431f64b453ed1ba057f50d4c11e4549343c1",
    ".agents/skills/database/SKILL.md": "f3fe75b2f5aab696630a72e4ffd562100686e9db62be0a4cb317f4140c2af8da",
    ".agents/skills/frontend-design/LICENSE.txt": "0d542e0c8804e39aa7f37eb00da5a762149dc682d7829451287e11b938e94594",
    ".agents/skills/frontend-design/SKILL.md": "b81e2ff87ed8fa4d6c377ccb127a7254c9e6a77e3ae94f21e6b514f7bb2945a0",
    ".agents/skills/git-commit/SKILL.md": "b079e93c303e482ead80f6967e042db35697bf7a94ff8880fcf27b9a9e04397b",
    ".agents/skills/github-actions/agents/openai.yaml": "3e16e49eff2810336fbce00a930aa15b7ab5ec0b1984c7b4d57729fc3ab347d0",
    ".agents/skills/github-actions/SKILL.md": "49dddee7d2f9809c450db0876efa4145d88fe87d2d9d264c978cc48e3b965618",
    ".agents/skills/review-loop/SKILL.md": "45f0442f6b3522737399f518f8acd34030988954773bac32e4ebaf08bfe7f7a3",
    ".agents/skills/review/SKILL.md": "842f97f6b14eac4dcf43e3e745c46d5b16dc17f8e391609d1fbb1b561d4c22de",
    ".agents/skills/vibe-designing/agents/openai.yaml": "9ba6a28274a5baff3bbd14ccf16220243f705c95fca402af4fa15456c5f2132b",
    ".agents/skills/vibe-designing/references/phase-1.md": "87dac6780752f6cdda5883c4bd1b8133d19ab3f1ed14c14e88c16d6dc5351520",
    ".agents/skills/vibe-designing/references/phase-2.md": "9b451c26acfcfbf05e3c9626a6b9a0fd3bad10ddad402b10bf73205c72c1f187",
    ".agents/skills/vibe-designing/references/phase-3.md": "6d1a3999580cdd2272bf73a73fd0f7e531103b8c43caad6e174b60d8245eee71",
    ".agents/skills/vibe-designing/references/styles/editorial.md": "7fd40bb8f68e48487c9ae927cfc9e814802b7da661cda37bc4261bd3e557eeee",
    ".agents/skills/vibe-designing/SKILL.md": "ae44d6fd08b984f531698ca529219678add77aba7ad899eef4c6d168c6d50fea",
    ".github/workflows/standards-sync.yml": "a65258ec7f07a84cc12e32700e1114dac8ba0480eaeaebd176a55f0123cacdc1",
    ".github/workflows/standards.yml": "feb5d6792a82010c9afe991fa8502f9a38678c8e1fe36c2c22f5f83f4991c29f",
    "AGENTS.md": "b0239f9777863233c262d4103c89872c62ca5661f59f9ba8d75b81187c289138",
    "biome.base.jsonc": "667113906ac0b41e6fb4676e19384b268564192f68395f097314345d069ccd9d",
    "CLAUDE.md": "336cc4fbf19beaada7ccf9986414fa91851a8d7a07dfb3ccbe800a69eed0ab49",
    "packages/a11y-testing/package.json": "b8fd47287c3b93ab620d853e39e82ee1fde8bd63966c051e06f7fb5d64506e7f",
    "packages/a11y-testing/README.md": "1af1a64871ba5843c6c1a95945dbb982662aa140171e7199ae4aab30aebd51dc",
    "packages/a11y-testing/src/axe.ts": "fc38934542c1c7e5a18542725f881e63f5ea7f2c51de8a092ce39e16c87c8c21",
    "packages/a11y-testing/src/playwright-config.test.ts": "62f67cce7871f5be5f084e11b2b6a9733cfce064a3d2f82495c6c9653e4436c0",
    "packages/a11y-testing/src/playwright-config.ts": "f552e2b6fe0702a9ba33a4f28afa36dd159ad85c9fea505c85d7e923927ee9c6",
    "packages/a11y-testing/tsconfig.json": "78e96c84b88e74d1831fef46c6a33f5d0de72035c6d82f7ea160cbe73718cf29",
    "packages/typescript-config/base.json": "f1b0c9514018f127d44a0704c95a09432b98b40bb870216a9139fa9a0783f36e",
    "packages/typescript-config/base.test.ts": "51c619e48bc470f0923ca3d39ccb03d8940ef36f22d5fbe56b403aeee26e3728",
    "packages/typescript-config/next.json": "ec79fbd3cd2f82ead753a4752b14cb761e33408df2288a6c1be7c13f701e2a84",
    "packages/typescript-config/package.json": "33dd47f7644a8f3a74348f6ff0e25b9c0dfd6ebf2359f06c1ef20d00fdf34482",
    "packages/typescript-config/react-library.json": "0f363bb90f560d98dce4ac7d6032ba852515b7e426a7ff913e0868b77232e195",
    "packages/typescript-config/README.md": "ffd46925c5c2145247f4fac72adc5c1153930b3bd33a6dbb9d1b2d3c22432f3b",
    "packages/typescript-config/tsconfig.json": "9ba40a1b20b3a3bfea4e4a97e2228ce8ae017393e20e7b906ffe41d35ed83c0d",
    "scripts/sync-standards.test.ts": "f2e46a0f0a2537e1fc5bb31d06cf5d97df3e7f01499ff6a6c0f10eb807ee5b5b",
    "scripts/sync-standards.ts": "05835accc8d63e4d9043a2ceed519141f448278d97046fdfbc334148693eee68",
    "secrets/ci.example.yaml": "e04ff7b9e1ed38f770a26de1eb1ec409dd31330a7de0e43e7e1d90d53656992c",
    "secrets/dev.example.yaml": "f09e51db65afebb659936cabaffdfde2ebbd172f03c62c895ab57146cdc6ab3c",
    "standards.just": "145172becdd85f9830e37d279cee62b751f1279176a77e26ff43312505e188f7",
    "sync-standards.json": "1a5ed7b11e202c8e22ea470ebbf4f08004a01a51f0f0248d4cf381103653153e"
  }
}
